{
  "name": "gitlab-pipeline-trigger-action",
  "version": "1.3.0",
  "lockfileVersion": 3,
  "requires": true,
  "packages": {
    "": {
      "name": "gitlab-pipeline-trigger-action",
      "version": "1.3.0",
      "license": "MIT",
      "dependencies": {
        "@actions/core": "^3.0.0",
        "@actions/io": "^3.0.0",
        "adm-zip": "^0.6.0"
      },
      "devDependencies": {
        "oxlint": "^1.79.0",
        "rolldown": "^1.0.1",
        "rollup-plugin-sbom": "^4.0.0"
      }
    },
    "node_modules/@actions/core": {
      "version": "3.0.1",
      "resolved": "https://registry.npmjs.org/@actions/core/-/core-3.0.1.tgz",
      "integrity": "sha512-a6d/Nwahm9fliVGRhdhofo40HjHQasUPusmc7vBfyky+7Z+P2A1J68zyFVaNcEclc/Se+eO595oAr5nwEIoIUA==",
      "license": "MIT",
      "dependencies": {
        "@actions/exec": "^3.0.0",
        "@actions/http-client": "^4.0.0"
      }
    },
    "node_modules/@actions/exec": {
      "version": "3.0.0",
      "resolved": "https://registry.npmjs.org/@actions/exec/-/exec-3.0.0.tgz",
      "integrity": "sha512-6xH/puSoNBXb72VPlZVm7vQ+svQpFyA96qdDBvhB8eNZOE8LtPf9L4oAsfzK/crCL8YZ+19fKYVnM63Sl+Xzlw==",
      "license": "MIT",
      "dependencies": {
        "@actions/io": "^3.0.2"
      }
    },
    "node_modules/@actions/http-client": {
      "version": "4.0.1",
      "resolved": "https://registry.npmjs.org/@actions/http-client/-/http-client-4.0.1.tgz",
      "integrity": "sha512-+Nvd1ImaOZBSoPbsUtEhv+1z99H12xzncCkz0a3RuehINE81FZSe2QTj3uvAPTcJX/SCzUQHQ0D1GrPMbrPitg==",
      "license": "MIT",
      "dependencies": {
        "tunnel": "^0.0.6",
        "undici": "^6.23.0"
      }
    },
    "node_modules/@actions/io": {
      "version": "3.0.2",
      "resolved": "https://registry.npmjs.org/@actions/io/-/io-3.0.2.tgz",
      "integrity": "sha512-nRBchcMM+QK1pdjO7/idu86rbJI5YHUKCvKs0KxnSYbVe3F51UfGxuZX4Qy/fWlp6l7gWFwIkrOzN+oUK03kfw==",
      "license": "MIT"
    },
    "node_modules/@oxc-project/types": {
      "version": "0.143.0",
      "resolved": "https://registry.npmjs.org/@oxc-project/types/-/types-0.143.0.tgz",
      "integrity": "sha512-u6JZdLBTLotrNC9Vd6vPssINdzcCzleKAH6EJKImQb7GtYvX5keN2dxkoK44stCc4tffE6QQRtZTXVSzsLUlWA==",
      "dev": true,
      "license": "MIT",
      "funding": {
        "url": "https://github.com/sponsors/Boshen"
      }
    },
    "node_modules/@oxlint/binding-android-arm-eabi": {
      "version": "1.79.0",
      "resolved": "https://registry.npmjs.org/@oxlint/binding-android-arm-eabi/-/binding-android-arm-eabi-1.79.0.tgz",
      "integrity": "sha512-TebFaaMklO/RXzTv7PucaCq9l3X6D1gA+C8H6K4njtjFOV+zWE9MKLpulcJZN9bzytbUbQIY0mZuz12nQ5Kv4Q==",
      "cpu": [
        "arm"
      ],
      "dev": true,
      "license": "MIT",
      "optional": true,
      "os": [
        "android"
      ],
      "engines": {
        "node": "^20.19.0 || >=22.12.0"
      }
    },
    "node_modules/@oxlint/binding-android-arm64": {
      "version": "1.79.0",
      "resolved": "https://registry.npmjs.org/@oxlint/binding-android-arm64/-/binding-android-arm64-1.79.0.tgz",
      "integrity": "sha512-KqqnOtAVgNsPPF0YSodkFZA1O80jcKoCZCTu3bgsszxA+MrMP9TLzfXitKjEj1FmrPprKDMdRDMmY3weESO9sg==",
      "cpu": [
        "arm64"
      ],
      "dev": true,
      "license": "MIT",
      "optional": true,
      "os": [
        "android"
      ],
      "engines": {
        "node": "^20.19.0 || >=22.12.0"
      }
    },
    "node_modules/@oxlint/binding-darwin-arm64": {
      "version": "1.79.0",
      "resolved": "https://registry.npmjs.org/@oxlint/binding-darwin-arm64/-/binding-darwin-arm64-1.79.0.tgz",
      "integrity": "sha512-BVC2nsMzqQzRDPc5RhixkZ+m1p7iH4bxRRvqkbwDXX0PlQKm1BPy8J8cRjnAFafOq2QzI+BfO3vE8w2GZ3CBag==",
      "cpu": [
        "arm64"
      ],
      "dev": true,
      "license": "MIT",
      "optional": true,
      "os": [
        "darwin"
      ],
      "engines": {
        "node": "^20.19.0 || >=22.12.0"
      }
    },
    "node_modules/@oxlint/binding-darwin-x64": {
      "version": "1.79.0",
      "resolved": "https://registry.npmjs.org/@oxlint/binding-darwin-x64/-/binding-darwin-x64-1.79.0.tgz",
      "integrity": "sha512-p6Lm+snmhGuLKL1+CpCV8L6ijkE/qJzK2H2jG9+eKJT0n31RbY4FLsdhexekgP3bLpw4Kgde+9DZuDZQ4yIInA==",
      "cpu": [
        "x64"
      ],
      "dev": true,
      "license": "MIT",
      "optional": true,
      "os": [
        "darwin"
      ],
      "engines": {
        "node": "^20.19.0 || >=22.12.0"
      }
    },
    "node_modules/@oxlint/binding-freebsd-x64": {
      "version": "1.79.0",
      "resolved": "https://registry.npmjs.org/@oxlint/binding-freebsd-x64/-/binding-freebsd-x64-1.79.0.tgz",
      "integrity": "sha512-qDMm0dXZnoHyRqSL4N4xUq82T4sqK5cbKSjvd/dF/YbMUXc2R1wEPf+vmA5S0qUmi0nwXfNbjXBtZaIqzQLIMg==",
      "cpu": [
        "x64"
      ],
      "dev": true,
      "license": "MIT",
      "optional": true,
      "os": [
        "freebsd"
      ],
      "engines": {
        "node": "^20.19.0 || >=22.12.0"
      }
    },
    "node_modules/@oxlint/binding-linux-arm-gnueabihf": {
      "version": "1.79.0",
      "resolved": "https://registry.npmjs.org/@oxlint/binding-linux-arm-gnueabihf/-/binding-linux-arm-gnueabihf-1.79.0.tgz",
      "integrity": "sha512-2od7s0nuKPzqyUZAWk9KkCyGg7eI9dwFPZg+20lB15fKFkVZ0c9ZFxqPfiBAyDTlTkh9stPI0t+JlPCqMbItVA==",
      "cpu": [
        "arm"
      ],
      "dev": true,
      "license": "MIT",
      "optional": true,
      "os": [
        "linux"
      ],
      "engines": {
        "node": "^20.19.0 || >=22.12.0"
      }
    },
    "node_modules/@oxlint/binding-linux-arm-musleabihf": {
      "version": "1.79.0",
      "resolved": "https://registry.npmjs.org/@oxlint/binding-linux-arm-musleabihf/-/binding-linux-arm-musleabihf-1.79.0.tgz",
      "integrity": "sha512-ZOQUjkzDnvlhSE3+tWC3YXx94MMl+sYMlwH+u1+YGApGHOJP/YAc8ZBRFOXZ6eOBmxtXAWuS/fBcdZr8qqNO1A==",
      "cpu": [
        "arm"
      ],
      "dev": true,
      "license": "MIT",
      "optional": true,
      "os": [
        "linux"
      ],
      "engines": {
        "node": "^20.19.0 || >=22.12.0"
      }
    },
    "node_modules/@oxlint/binding-linux-arm64-gnu": {
      "version": "1.79.0",
      "resolved": "https://registry.npmjs.org/@oxlint/binding-linux-arm64-gnu/-/binding-linux-arm64-gnu-1.79.0.tgz",
      "integrity": "sha512-lu158FR4nGqGeRS3BQvtG85wRgU/Fy4MD5Cxp1hzJXizGiLo6u2742wJSCDKh8cFcZntvX7fcxlq4mMmfryH1g==",
      "cpu": [
        "arm64"
      ],
      "dev": true,
      "libc": [
        "glibc"
      ],
      "license": "MIT",
      "optional": true,
      "os": [
        "linux"
      ],
      "engines": {
        "node": "^20.19.0 || >=22.12.0"
      }
    },
    "node_modules/@oxlint/binding-linux-arm64-musl": {
      "version": "1.79.0",
      "resolved": "https://registry.npmjs.org/@oxlint/binding-linux-arm64-musl/-/binding-linux-arm64-musl-1.79.0.tgz",
      "integrity": "sha512-mbpKQeE2aflTjddaHK7MP8KP/OFbUM++lt5M635ENM8IyIdK0jm2t9pb+2v9mVVIvhF6TqA4l7F79Pll1mi+uw==",
      "cpu": [
        "arm64"
      ],
      "dev": true,
      "libc": [
        "musl"
      ],
      "license": "MIT",
      "optional": true,
      "os": [
        "linux"
      ],
      "engines": {
        "node": "^20.19.0 || >=22.12.0"
      }
    },
    "node_modules/@oxlint/binding-linux-ppc64-gnu": {
      "version": "1.79.0",
      "resolved": "https://registry.npmjs.org/@oxlint/binding-linux-ppc64-gnu/-/binding-linux-ppc64-gnu-1.79.0.tgz",
      "integrity": "sha512-WpGNua7gaxaHnpSDeog2ji8IDHn/QLPl9LPzwkR/FvVv58vT5BcXjRXnU+wbu3N75cpeha8CdC7ho/U2OIsB4g==",
      "cpu": [
        "ppc64"
      ],
      "dev": true,
      "libc": [
        "glibc"
      ],
      "license": "MIT",
      "optional": true,
      "os": [
        "linux"
      ],
      "engines": {
        "node": "^20.19.0 || >=22.12.0"
      }
    },
    "node_modules/@oxlint/binding-linux-riscv64-gnu": {
      "version": "1.79.0",
      "resolved": "https://registry.npmjs.org/@oxlint/binding-linux-riscv64-gnu/-/binding-linux-riscv64-gnu-1.79.0.tgz",
      "integrity": "sha512-tK1E93A5LVzISg4ngpKJnfTs7EqtIUceGI7MQ4GyDjJiLi8wPCkEyKlj2xkyKWZ1yzkDJyLHTBJ5/iFWRdnJvg==",
      "cpu": [
        "riscv64"
      ],
      "dev": true,
      "libc": [
        "glibc"
      ],
      "license": "MIT",
      "optional": true,
      "os": [
        "linux"
      ],
      "engines": {
        "node": "^20.19.0 || >=22.12.0"
      }
    },
    "node_modules/@oxlint/binding-linux-riscv64-musl": {
      "version": "1.79.0",
      "resolved": "https://registry.npmjs.org/@oxlint/binding-linux-riscv64-musl/-/binding-linux-riscv64-musl-1.79.0.tgz",
      "integrity": "sha512-qhQvUIrngXivA2A9pQ+xPCychztn/5qUv7yS3gDwXv3w7Rag+eTeeXWmRyx+t7XsW5x6LuY/8AsTq36UgFIblg==",
      "cpu": [
        "riscv64"
      ],
      "dev": true,
      "libc": [
        "musl"
      ],
      "license": "MIT",
      "optional": true,
      "os": [
        "linux"
      ],
      "engines": {
        "node": "^20.19.0 || >=22.12.0"
      }
    },
    "node_modules/@oxlint/binding-linux-s390x-gnu": {
      "version": "1.79.0",
      "resolved": "https://registry.npmjs.org/@oxlint/binding-linux-s390x-gnu/-/binding-linux-s390x-gnu-1.79.0.tgz",
      "integrity": "sha512-sv6AaVgU/eE6u+6WFiQVDcPPwTxP6IJMSB9k701W2r/r6Tx465e8vPvVyRxquNH4Vy6KwRNu90mVbxXJN8+5gg==",
      "cpu": [
        "s390x"
      ],
      "dev": true,
      "libc": [
        "glibc"
      ],
      "license": "MIT",
      "optional": true,
      "os": [
        "linux"
      ],
      "engines": {
        "node": "^20.19.0 || >=22.12.0"
      }
    },
    "node_modules/@oxlint/binding-linux-x64-gnu": {
      "version": "1.79.0",
      "resolved": "https://registry.npmjs.org/@oxlint/binding-linux-x64-gnu/-/binding-linux-x64-gnu-1.79.0.tgz",
      "integrity": "sha512-iFZL02deziHslb3jEX9KdqlAkYoo4fGyotchKDzdfK1f5mxlIBeiQeHhvK3iFpuEJSB4ma/qeFn9oxPiwnhUPQ==",
      "cpu": [
        "x64"
      ],
      "dev": true,
      "libc": [
        "glibc"
      ],
      "license": "MIT",
      "optional": true,
      "os": [
        "linux"
      ],
      "engines": {
        "node": "^20.19.0 || >=22.12.0"
      }
    },
    "node_modules/@oxlint/binding-linux-x64-musl": {
      "version": "1.79.0",
      "resolved": "https://registry.npmjs.org/@oxlint/binding-linux-x64-musl/-/binding-linux-x64-musl-1.79.0.tgz",
      "integrity": "sha512-3DtZR2raqObnh7wXZoFYFd0Fw7skBvcb3f7A+/lkEiDuh8hrE6vv9b/62Qxao1a9/OeHLw/FcXlXzgsW9wTRFg==",
      "cpu": [
        "x64"
      ],
      "dev": true,
      "libc": [
        "musl"
      ],
      "license": "MIT",
      "optional": true,
      "os": [
        "linux"
      ],
      "engines": {
        "node": "^20.19.0 || >=22.12.0"
      }
    },
    "node_modules/@oxlint/binding-openharmony-arm64": {
      "version": "1.79.0",
      "resolved": "https://registry.npmjs.org/@oxlint/binding-openharmony-arm64/-/binding-openharmony-arm64-1.79.0.tgz",
      "integrity": "sha512-Oatt4GuA1WJkqzk2ozx4HrWROOi7opV3AKDw/U8qDIqeTqzsjn5K2x3REJMNjU3/KU/Bkq96Zi3CknaiDTaC/Q==",
      "cpu": [
        "arm64"
      ],
      "dev": true,
      "license": "MIT",
      "optional": true,
      "os": [
        "openharmony"
      ],
      "engines": {
        "node": "^20.19.0 || >=22.12.0"
      }
    },
    "node_modules/@oxlint/binding-win32-arm64-msvc": {
      "version": "1.79.0",
      "resolved": "https://registry.npmjs.org/@oxlint/binding-win32-arm64-msvc/-/binding-win32-arm64-msvc-1.79.0.tgz",
      "integrity": "sha512-NAgZr9Qp8nIA9rpo0JEvwiabTF/2UVqBNnupBG9X4kxXcQoScJUTi+qHhvabb9s/thgj5wQ4XcIaJvb+ZMgoKw==",
      "cpu": [
        "arm64"
      ],
      "dev": true,
      "license": "MIT",
      "optional": true,
      "os": [
        "win32"
      ],
      "engines": {
        "node": "^20.19.0 || >=22.12.0"
      }
    },
    "node_modules/@oxlint/binding-win32-ia32-msvc": {
      "version": "1.79.0",
      "resolved": "https://registry.npmjs.org/@oxlint/binding-win32-ia32-msvc/-/binding-win32-ia32-msvc-1.79.0.tgz",
      "integrity": "sha512-+KyXjIvcpaXmWW/j9NNY5yWjrIVxaX18VyIheQy3jwc2GSYgpCr7MGI/HxIGQ/shAL5IWEKbhsqoMpAO5Stiog==",
      "cpu": [
        "ia32"
      ],
      "dev": true,
      "license": "MIT",
      "optional": true,
      "os": [
        "win32"
      ],
      "engines": {
        "node": "^20.19.0 || >=22.12.0"
      }
    },
    "node_modules/@oxlint/binding-win32-x64-msvc": {
      "version": "1.79.0",
      "resolved": "https://registry.npmjs.org/@oxlint/binding-win32-x64-msvc/-/binding-win32-x64-msvc-1.79.0.tgz",
      "integrity": "sha512-mEelcCMMBS57sIXh2veGMNy+pQwuGtcMxHxGIZWQ5Ba9pJ5jCCUFOZB9E2JhBaxGsURe+WGe0zJp4RVre52gpQ==",
      "cpu": [
        "x64"
      ],
      "dev": true,
      "license": "MIT",
      "optional": true,
      "os": [
        "win32"
      ],
      "engines": {
        "node": "^20.19.0 || >=22.12.0"
      }
    },
    "node_modules/@rolldown/binding-android-arm64": {
      "version": "1.2.3",
      "resolved": "https://registry.npmjs.org/@rolldown/binding-android-arm64/-/binding-android-arm64-1.2.3.tgz",
      "integrity": "sha512-zrJtHDcaZJ1Fp7xf4hNl+7seH9Cn/N5TwLYkhgXREtBwAd/jaqW3uqeHxpDugJLVICWg4eW44kOQEGJ1r6jCGw==",
      "cpu": [
        "arm64"
      ],
      "dev": true,
      "license": "MIT",
      "optional": true,
      "os": [
        "android"
      ],
      "engines": {
        "node": "^20.19.0 || >=22.12.0"
      }
    },
    "node_modules/@rolldown/binding-darwin-arm64": {
      "version": "1.2.3",
      "resolved": "https://registry.npmjs.org/@rolldown/binding-darwin-arm64/-/binding-darwin-arm64-1.2.3.tgz",
      "integrity": "sha512-ieIiibVCp0tX7TLu2cafoNPv8wJyYi01ekXpbf8q2j7F4rGAhhXb/eQh7ge9DRBY78GwmRQtvjZDux7EDbA8kA==",
      "cpu": [
        "arm64"
      ],
      "dev": true,
      "license": "MIT",
      "optional": true,
      "os": [
        "darwin"
      ],
      "engines": {
        "node": "^20.19.0 || >=22.12.0"
      }
    },
    "node_modules/@rolldown/binding-darwin-x64": {
      "version": "1.2.3",
      "resolved": "https://registry.npmjs.org/@rolldown/binding-darwin-x64/-/binding-darwin-x64-1.2.3.tgz",
      "integrity": "sha512-Zh9tCon19eDXJoihx0rqKhMUlMYqzwj3aPsSuHmI4RWZh62dWUL+DJN4C5YQya5TcQBJU/Fe8+rY0jhXTQITqA==",
      "cpu": [
        "x64"
      ],
      "dev": true,
      "license": "MIT",
      "optional": true,
      "os": [
        "darwin"
      ],
      "engines": {
        "node": "^20.19.0 || >=22.12.0"
      }
    },
    "node_modules/@rolldown/binding-freebsd-x64": {
      "version": "1.2.3",
      "resolved": "https://registry.npmjs.org/@rolldown/binding-freebsd-x64/-/binding-freebsd-x64-1.2.3.tgz",
      "integrity": "sha512-nGbJWewA1wrXXZiQhjAT5rhibGfns5ZNkDVqxsO6zJ3f3YvpoDNNmGMSbbhLuXKjNScaBJVOAboztAWVespQMg==",
      "cpu": [
        "x64"
      ],
      "dev": true,
      "license": "MIT",
      "optional": true,
      "os": [
        "freebsd"
      ],
      "engines": {
        "node": "^20.19.0 || >=22.12.0"
      }
    },
    "node_modules/@rolldown/binding-linux-arm-gnueabihf": {
      "version": "1.2.3",
      "resolved": "https://registry.npmjs.org/@rolldown/binding-linux-arm-gnueabihf/-/binding-linux-arm-gnueabihf-1.2.3.tgz",
      "integrity": "sha512-QNniJr5Kml0kDEB98jiDOJjXNroxIIi0IXIbdYzY26Xt1pVbeP62+KnoIZLwirOymX/0jDk/2gI/bNUv7A7OIw==",
      "cpu": [
        "arm"
      ],
      "dev": true,
      "license": "MIT",
      "optional": true,
      "os": [
        "linux"
      ],
      "engines": {
        "node": "^20.19.0 || >=22.12.0"
      }
    },
    "node_modules/@rolldown/binding-linux-arm64-gnu": {
      "version": "1.2.3",
      "resolved": "https://registry.npmjs.org/@rolldown/binding-linux-arm64-gnu/-/binding-linux-arm64-gnu-1.2.3.tgz",
      "integrity": "sha512-TkqEAcmmvH3I/q4114NB4RVt6241Dao48pF45uLcFGrwAaIn0iITgTAKP/dLjbN0R4buJjGb91+UHSoFmpgIWw==",
      "cpu": [
        "arm64"
      ],
      "dev": true,
      "libc": [
        "glibc"
      ],
      "license": "MIT",
      "optional": true,
      "os": [
        "linux"
      ],
      "engines": {
        "node": "^20.19.0 || >=22.12.0"
      }
    },
    "node_modules/@rolldown/binding-linux-arm64-musl": {
      "version": "1.2.3",
      "resolved": "https://registry.npmjs.org/@rolldown/binding-linux-arm64-musl/-/binding-linux-arm64-musl-1.2.3.tgz",
      "integrity": "sha512-NHqjnxpsndf4MPymxteFAWHHfkTL8HjWh1KB7z23ofZ6QO2euONuxDXjat69dKZRALnGypg8k8SsK8vZJoXv1Q==",
      "cpu": [
        "arm64"
      ],
      "dev": true,
      "libc": [
        "musl"
      ],
      "license": "MIT",
      "optional": true,
      "os": [
        "linux"
      ],
      "engines": {
        "node": "^20.19.0 || >=22.12.0"
      }
    },
    "node_modules/@rolldown/binding-linux-ppc64-gnu": {
      "version": "1.2.3",
      "resolved": "https://registry.npmjs.org/@rolldown/binding-linux-ppc64-gnu/-/binding-linux-ppc64-gnu-1.2.3.tgz",
      "integrity": "sha512-6tbrbwfz5GB9DQ4Jwo6hy9v+vR31xZlvzZ6n5Xut6Hhx5PvrA9q/HsK8KMaYQp063iqZGXwNvZtYNLD7EM/x0w==",
      "cpu": [
        "ppc64"
      ],
      "dev": true,
      "libc": [
        "glibc"
      ],
      "license": "MIT",
      "optional": true,
      "os": [
        "linux"
      ],
      "engines": {
        "node": "^20.19.0 || >=22.12.0"
      }
    },
    "node_modules/@rolldown/binding-linux-s390x-gnu": {
      "version": "1.2.3",
      "resolved": "https://registry.npmjs.org/@rolldown/binding-linux-s390x-gnu/-/binding-linux-s390x-gnu-1.2.3.tgz",
      "integrity": "sha512-oyuXxXmoZHjXC917IAPFAAv4wWAa0cM9afk8nx1+9/jNNOX1uPf8yDA6p7G0RypOfw/X0PQt5IfoquY1um+zSg==",
      "cpu": [
        "s390x"
      ],
      "dev": true,
      "libc": [
        "glibc"
      ],
      "license": "MIT",
      "optional": true,
      "os": [
        "linux"
      ],
      "engines": {
        "node": "^20.19.0 || >=22.12.0"
      }
    },
    "node_modules/@rolldown/binding-linux-x64-gnu": {
      "version": "1.2.3",
      "resolved": "https://registry.npmjs.org/@rolldown/binding-linux-x64-gnu/-/binding-linux-x64-gnu-1.2.3.tgz",
      "integrity": "sha512-TytMwF2KVGqP2tgd0I1OY0PAv78dZRAYcF5ssDzjM34SUXCED3uXvSd5+lHoC0bTD6eEdFz7LdQNCO1y0oVk9w==",
      "cpu": [
        "x64"
      ],
      "dev": true,
      "libc": [
        "glibc"
      ],
      "license": "MIT",
      "optional": true,
      "os": [
        "linux"
      ],
      "engines": {
        "node": "^20.19.0 || >=22.12.0"
      }
    },
    "node_modules/@rolldown/binding-linux-x64-musl": {
      "version": "1.2.3",
      "resolved": "https://registry.npmjs.org/@rolldown/binding-linux-x64-musl/-/binding-linux-x64-musl-1.2.3.tgz",
      "integrity": "sha512-/E9m3qstrJFVPoULV25mVQblSNExY2+kBsYe4sy0Tn0yOOgJ8wZbZt3KnRbF/XeU2Gl1STKUQnDNTqhIE5MD4A==",
      "cpu": [
        "x64"
      ],
      "dev": true,
      "libc": [
        "musl"
      ],
      "license": "MIT",
      "optional": true,
      "os": [
        "linux"
      ],
      "engines": {
        "node": "^20.19.0 || >=22.12.0"
      }
    },
    "node_modules/@rolldown/binding-openharmony-arm64": {
      "version": "1.2.3",
      "resolved": "https://registry.npmjs.org/@rolldown/binding-openharmony-arm64/-/binding-openharmony-arm64-1.2.3.tgz",
      "integrity": "sha512-Kr0OcsoQI816i6HOl3vFHpd1K0eZyh76zgfj4c1nTyaTsd5r2Mj1lwM4R90y/qaCfmTn9eHy0SKwi98eitRxug==",
      "cpu": [
        "arm64"
      ],
      "dev": true,
      "license": "MIT",
      "optional": true,
      "os": [
        "openharmony"
      ],
      "engines": {
        "node": "^20.19.0 || >=22.12.0"
      }
    },
    "node_modules/@rolldown/binding-win32-arm64-msvc": {
      "version": "1.2.3",
      "resolved": "https://registry.npmjs.org/@rolldown/binding-win32-arm64-msvc/-/binding-win32-arm64-msvc-1.2.3.tgz",
      "integrity": "sha512-hOtMwTqnME+/gJcH/PCZ0wn0zPUjiWOgkHpxbSJpfGKMezHltx1S7/k1SitzVa7Ww2cqrDDaFbZEhcJZO8o+Jw==",
      "cpu": [
        "arm64"
      ],
      "dev": true,
      "license": "MIT",
      "optional": true,
      "os": [
        "win32"
      ],
      "engines": {
        "node": "^20.19.0 || >=22.12.0"
      }
    },
    "node_modules/@rolldown/binding-win32-x64-msvc": {
      "version": "1.2.3",
      "resolved": "https://registry.npmjs.org/@rolldown/binding-win32-x64-msvc/-/binding-win32-x64-msvc-1.2.3.tgz",
      "integrity": "sha512-ekcqMMkI2PlhYnfzQnB/cEdYUVVJViWvoUyLrbzgDoi3Snfc1mVBwdnc306ufA5ejy8JSPjT2RlW1nQSjW7efg==",
      "cpu": [
        "x64"
      ],
      "dev": true,
      "license": "MIT",
      "optional": true,
      "os": [
        "win32"
      ],
      "engines": {
        "node": "^20.19.0 || >=22.12.0"
      }
    },
    "node_modules/@rolldown/pluginutils": {
      "version": "1.0.1",
      "resolved": "https://registry.npmjs.org/@rolldown/pluginutils/-/pluginutils-1.0.1.tgz",
      "integrity": "sha512-2j9bGt5Jh8hj+vPtgzPtl72j0yRxHAyumoo6TNfAjsLB04UtpSvPbPcDcBMxz7n+9CYB0c1GxQFxYRg2jimqGw==",
      "dev": true,
      "license": "MIT"
    },
    "node_modules/adm-zip": {
      "version": "0.6.0",
      "resolved": "https://registry.npmjs.org/adm-zip/-/adm-zip-0.6.0.tgz",
      "integrity": "sha512-XleryMhbuksdKtofnWZ9Sk+4CUTbms4Mb/EU32SZwToAyZ5RgVos/ki8n+yr0LWHOGKuakbXTuuYNHLQjhddgg==",
      "license": "MIT",
      "engines": {
        "node": ">=14.0"
      }
    },
    "node_modules/hosted-git-info": {
      "version": "10.1.1",
      "resolved": "https://registry.npmjs.org/hosted-git-info/-/hosted-git-info-10.1.1.tgz",
      "integrity": "sha512-DeOnSPAvOndYKfw075gt8yZzQ7S2hNztw34zBTfhIzLhmBTswIBg5/y+pqu/VD5cYWm5goAFTusDmUEmKZ0PEQ==",
      "dev": true,
      "license": "ISC",
      "dependencies": {
        "lru-cache": "^11.1.0"
      },
      "engines": {
        "node": "^22.22.2 || ^24.15.0 || >=26.0.0"
      }
    },
    "node_modules/lru-cache": {
      "version": "11.5.2",
      "resolved": "https://registry.npmjs.org/lru-cache/-/lru-cache-11.5.2.tgz",
      "integrity": "sha512-4pfM1Ff0x50o0tQwb5ucw/RzNyD0/YJME6IVcStalZuMWxdt3sR3huStTtxz4PUmvZfRguvDejasvQ2kifR11g==",
      "dev": true,
      "license": "BlueOak-1.0.0",
      "engines": {
        "node": "20 || >=22"
      }
    },
    "node_modules/normalize-package-data": {
      "version": "9.0.0",
      "resolved": "https://registry.npmjs.org/normalize-package-data/-/normalize-package-data-9.0.0.tgz",
      "integrity": "sha512-la34cHOCAT6itNOYCvPi40XP8r0y6OHuNkooOfnfFUHdgy5MBw665qq5xsuS02AEC7WPQvhwvb7E9PI1gipplw==",
      "dev": true,
      "license": "BSD-2-Clause",
      "dependencies": {
        "hosted-git-info": "^10.1.0",
        "semver": "^7.3.5",
        "validate-npm-package-license": "^3.0.4"
      },
      "engines": {
        "node": "^22.22.2 || ^24.15.0 || >=26.0.0"
      }
    },
    "node_modules/oxlint": {
      "version": "1.79.0",
      "resolved": "https://registry.npmjs.org/oxlint/-/oxlint-1.79.0.tgz",
      "integrity": "sha512-hVJ9hq9m2unPS+Of4eJJgCPdIeCC+3DHEUX3tkmrPJr3OK2hz7PhXwgC+ZP71ZcYu8cCDEtQrqLxWNvxBppBVg==",
      "dev": true,
      "license": "MIT",
      "bin": {
        "oxlint": "bin/oxlint"
      },
      "engines": {
        "node": "^20.19.0 || >=22.12.0"
      },
      "funding": {
        "url": "https://github.com/sponsors/Boshen"
      },
      "optionalDependencies": {
        "@oxlint/binding-android-arm-eabi": "1.79.0",
        "@oxlint/binding-android-arm64": "1.79.0",
        "@oxlint/binding-darwin-arm64": "1.79.0",
        "@oxlint/binding-darwin-x64": "1.79.0",
        "@oxlint/binding-freebsd-x64": "1.79.0",
        "@oxlint/binding-linux-arm-gnueabihf": "1.79.0",
        "@oxlint/binding-linux-arm-musleabihf": "1.79.0",
        "@oxlint/binding-linux-arm64-gnu": "1.79.0",
        "@oxlint/binding-linux-arm64-musl": "1.79.0",
        "@oxlint/binding-linux-ppc64-gnu": "1.79.0",
        "@oxlint/binding-linux-riscv64-gnu": "1.79.0",
        "@oxlint/binding-linux-riscv64-musl": "1.79.0",
        "@oxlint/binding-linux-s390x-gnu": "1.79.0",
        "@oxlint/binding-linux-x64-gnu": "1.79.0",
        "@oxlint/binding-linux-x64-musl": "1.79.0",
        "@oxlint/binding-openharmony-arm64": "1.79.0",
        "@oxlint/binding-win32-arm64-msvc": "1.79.0",
        "@oxlint/binding-win32-ia32-msvc": "1.79.0",
        "@oxlint/binding-win32-x64-msvc": "1.79.0"
      },
      "peerDependencies": {
        "oxlint-tsgolint": ">=7.0.2001",
        "vite-plus": "*"
      },
      "peerDependenciesMeta": {
        "oxlint-tsgolint": {
          "optional": true
        },
        "vite-plus": {
          "optional": true
        }
      }
    },
    "node_modules/packageurl-js": {
      "version": "2.0.1",
      "resolved": "https://registry.npmjs.org/packageurl-js/-/packageurl-js-2.0.1.tgz",
      "integrity": "sha512-N5ixXjzTy4QDQH0Q9YFjqIWd6zH6936Djpl2m9QNFmDv5Fum8q8BjkpAcHNMzOFE0IwQrFhJWex3AN6kS0OSwg==",
      "dev": true,
      "license": "MIT"
    },
    "node_modules/rolldown": {
      "version": "1.2.3",
      "resolved": "https://registry.npmjs.org/rolldown/-/rolldown-1.2.3.tgz",
      "integrity": "sha512-rn9wpmxplLf7NLNyCk9FyWh3FM43DbY8jOzCdEPzH7uflhTftRbCEpqi6Ly2osgoU8OwObtmavMbWLaWy4LX7A==",
      "dev": true,
      "license": "MIT",
      "dependencies": {
        "@oxc-project/types": "=0.143.0",
        "@rolldown/pluginutils": "^1.0.0"
      },
      "bin": {
        "rolldown": "bin/cli.mjs"
      },
      "engines": {
        "node": "^20.19.0 || >=22.12.0"
      },
      "optionalDependencies": {
        "@rolldown/binding-android-arm64": "1.2.3",
        "@rolldown/binding-darwin-arm64": "1.2.3",
        "@rolldown/binding-darwin-x64": "1.2.3",
        "@rolldown/binding-freebsd-x64": "1.2.3",
        "@rolldown/binding-linux-arm-gnueabihf": "1.2.3",
        "@rolldown/binding-linux-arm64-gnu": "1.2.3",
        "@rolldown/binding-linux-arm64-musl": "1.2.3",
        "@rolldown/binding-linux-ppc64-gnu": "1.2.3",
        "@rolldown/binding-linux-s390x-gnu": "1.2.3",
        "@rolldown/binding-linux-x64-gnu": "1.2.3",
        "@rolldown/binding-linux-x64-musl": "1.2.3",
        "@rolldown/binding-openharmony-arm64": "1.2.3",
        "@rolldown/binding-win32-arm64-msvc": "1.2.3",
        "@rolldown/binding-win32-x64-msvc": "1.2.3"
      }
    },
    "node_modules/rollup-plugin-sbom": {
      "version": "4.0.0",
      "resolved": "https://registry.npmjs.org/rollup-plugin-sbom/-/rollup-plugin-sbom-4.0.0.tgz",
      "integrity": "sha512-WwAq3ZZRv4He27yyExeV8WWZh4QeSqVnIahpMBGfsDX97bjDh2aBgbFLWp1COuYiBP9iHjeB3oaPMk8V8Dmpjg==",
      "dev": true,
      "license": "MIT",
      "dependencies": {
        "@cyclonedx/cyclonedx-library": "10.1.0",
        "normalize-package-data": "9.0.0",
        "packageurl-js": "2.0.1",
        "spdx-expression-parse": "5.0.0"
      },
      "engines": {
        "node": ">=22.9.0"
      },
      "peerDependencies": {
        "rolldown": "^1",
        "rollup": "^4",
        "vite": "^6 || ^7 || ^8",
        "xmlbuilder2": "^3 || ^4"
      },
      "peerDependenciesMeta": {
        "rolldown": {
          "optional": true
        },
        "rollup": {
          "optional": true
        },
        "vite": {
          "optional": true
        },
        "xmlbuilder2": {
          "optional": true
        }
      }
    },
    "node_modules/rollup-plugin-sbom/node_modules/@cyclonedx/cyclonedx-library": {
      "version": "10.1.0",
      "resolved": "https://registry.npmjs.org/@cyclonedx/cyclonedx-library/-/cyclonedx-library-10.1.0.tgz",
      "integrity": "sha512-4yq0KTQIA32UHJwFMDeY5xj2asp3Mk5lzx4JRVXLOb0YE8w1KeR61c1m/gJ4sjMXpiiEDfaITVQu8BLUuy7t3A==",
      "dev": true,
      "funding": [
        {
          "type": "individual",
          "url": "https://owasp.org/donate/?reponame=www-project-cyclonedx&title=OWASP+CycloneDX"
        }
      ],
      "license": "Apache-2.0",
      "engines": {
        "node": ">=20.18.0"
      },
      "peerDependencies": {
        "ajv": "^8.12.0",
        "ajv-formats": "^3.0.1",
        "ajv-formats-draft2019": "^1.6.1",
        "libxmljs2": "^0.35||^0.37",
        "packageurl-js": "*",
        "spdx-expression-parse": "*",
        "xmlbuilder2": "^3.0.2||^4.0.0"
      },
      "peerDependenciesMeta": {
        "ajv": {
          "optional": true
        },
        "ajv-formats": {
          "optional": true
        },
        "ajv-formats-draft2019": {
          "optional": true
        },
        "libxmljs2": {
          "optional": true
        },
        "packageurl-js": {
          "optional": true
        },
        "spdx-expression-parse": {
          "optional": true
        },
        "xmlbuilder2": {
          "optional": true
        }
      }
    },
    "node_modules/semver": {
      "version": "7.8.5",
      "resolved": "https://registry.npmjs.org/semver/-/semver-7.8.5.tgz",
      "integrity": "sha512-Y7/KDsb8LjooZpwaqGyulO6DQlksgCncchHGk+sZIY4SBvUocMBEFH5Ur1fI4dV+Jvl0w6cjvucaIi40puRioA==",
      "dev": true,
      "license": "ISC",
      "bin": {
        "semver": "bin/semver.js"
      },
      "engines": {
        "node": ">=10"
      }
    },
    "node_modules/spdx-correct": {
      "version": "3.2.0",
      "resolved": "https://registry.npmjs.org/spdx-correct/-/spdx-correct-3.2.0.tgz",
      "integrity": "sha512-kN9dJbvnySHULIluDHy32WHRUu3Og7B9sbY7tsFLctQkIqnMh3hErYgdMjTYuqmcXX+lK5T1lnUt3G7zNswmZA==",
      "dev": true,
      "license": "Apache-2.0",
      "dependencies": {
        "spdx-expression-parse": "^3.0.0",
        "spdx-license-ids": "^3.0.0"
      }
    },
    "node_modules/spdx-correct/node_modules/spdx-expression-parse": {
      "version": "3.0.1",
      "resolved": "https://registry.npmjs.org/spdx-expression-parse/-/spdx-expression-parse-3.0.1.tgz",
      "integrity": "sha512-cbqHunsQWnJNE6KhVSMsMeH5H/L9EpymbzqTQ3uLwNCLZ1Q481oWaofqH7nO6V07xlXwY6PhQdQ2IedWx/ZK4Q==",
      "dev": true,
      "license": "MIT",
      "dependencies": {
        "spdx-exceptions": "^2.1.0",
        "spdx-license-ids": "^3.0.0"
      }
    },
    "node_modules/spdx-exceptions": {
      "version": "2.5.0",
      "resolved": "https://registry.npmjs.org/spdx-exceptions/-/spdx-exceptions-2.5.0.tgz",
      "integrity": "sha512-PiU42r+xO4UbUS1buo3LPJkjlO7430Xn5SVAhdpzzsPHsjbYVflnnFdATgabnLude+Cqu25p6N+g2lw/PFsa4w==",
      "dev": true,
      "license": "CC-BY-3.0"
    },
    "node_modules/spdx-expression-parse": {
      "version": "5.0.0",
      "resolved": "https://registry.npmjs.org/spdx-expression-parse/-/spdx-expression-parse-5.0.0.tgz",
      "integrity": "sha512-vngmw3Rgn+o2arXNbnZaj5UtOEBuWBfvaI+Wc8GFfykIhA5/vdK9/Sp/XkLv63dykz2rxKDvKEHupF5P0FORcQ==",
      "dev": true,
      "license": "MIT",
      "dependencies": {
        "spdx-exceptions": "^2.1.0",
        "spdx-license-ids": "^3.0.0"
      }
    },
    "node_modules/spdx-license-ids": {
      "version": "3.0.23",
      "resolved": "https://registry.npmjs.org/spdx-license-ids/-/spdx-license-ids-3.0.23.tgz",
      "integrity": "sha512-CWLcCCH7VLu13TgOH+r8p1O/Znwhqv/dbb6lqWy67G+pT1kHmeD/+V36AVb/vq8QMIQwVShJ6Ssl5FPh0fuSdw==",
      "dev": true,
      "license": "CC0-1.0"
    },
    "node_modules/tunnel": {
      "version": "0.0.6",
      "resolved": "https://registry.npmjs.org/tunnel/-/tunnel-0.0.6.tgz",
      "integrity": "sha512-1h/Lnq9yajKY2PEbBadPXj3VxsDDu844OnaAo52UVmIzIvwwtBPIuNvkjuzBlTWpfJyUbG3ez0KSBibQkj4ojg==",
      "license": "MIT",
      "engines": {
        "node": ">=0.6.11 <=0.7.0 || >=0.7.3"
      }
    },
    "node_modules/undici": {
      "version": "6.28.0",
      "resolved": "https://registry.npmjs.org/undici/-/undici-6.28.0.tgz",
      "integrity": "sha512-LIY910g9TI13YS95lrMFrs8Rm/u/irgHeTWoKCoteeJ04CUJ92eEfj0rVn+7VKMPBpUPiUoBKfhNyLI23EE/KA==",
      "license": "MIT",
      "engines": {
        "node": ">=18.17"
      }
    },
    "node_modules/validate-npm-package-license": {
      "version": "3.0.4",
      "resolved": "https://registry.npmjs.org/validate-npm-package-license/-/validate-npm-package-license-3.0.4.tgz",
      "integrity": "sha512-DpKm2Ui/xN7/HQKCtpZxoRWBhZ9Z0kqtygG8XCgNQ8ZlDnxuQmWhj566j8fN4Cu3/JmbhsDo7fcAJq4s9h27Ew==",
      "dev": true,
      "license": "Apache-2.0",
      "dependencies": {
        "spdx-correct": "^3.0.0",
        "spdx-expression-parse": "^3.0.0"
      }
    },
    "node_modules/validate-npm-package-license/node_modules/spdx-expression-parse": {
      "version": "3.0.1",
      "resolved": "https://registry.npmjs.org/spdx-expression-parse/-/spdx-expression-parse-3.0.1.tgz",
      "integrity": "sha512-cbqHunsQWnJNE6KhVSMsMeH5H/L9EpymbzqTQ3uLwNCLZ1Q481oWaofqH7nO6V07xlXwY6PhQdQ2IedWx/ZK4Q==",
      "dev": true,
      "license": "MIT",
      "dependencies": {
        "spdx-exceptions": "^2.1.0",
        "spdx-license-ids": "^3.0.0"
      }
    }
  }
}
